{
  "name": "ipp5-bookshelf-reader",
  "version": "0.0.0",
  "lockfileVersion": 3,
  "requires": true,
  "packages": {
    "": {
      "name": "ipp5-bookshelf-reader",
      "version": "0.0.0",
      "license": "MIT",
      "dependencies": {
        "date-time": "github:e53e04ac/date-time",
        "event-emitter": "github:e53e04ac/event-emitter",
        "file-entry": "github:e53e04ac/file-entry",
        "hold": "github:e53e04ac/hold",
        "ipp5-types": "github:e53e04ac/ipp5-types"
      },
      "devDependencies": {
        "@types/node": "^18.11.18"
      }
    },
    "node_modules/@types/node": {
      "version": "18.11.18",
      "resolved": "https://registry.npmjs.org/@types/node/-/node-18.11.18.tgz",
      "integrity": "sha512-DHQpWGjyQKSHj3ebjFI/wRKcqQcdR+MoFBygntYOZytCqNfkd2ZC4ARDJ2DQqhjH5p85Nnd3jhUJIXrszFX/JA==",
      "dev": true
    },
    "node_modules/base": {
      "version": "0.0.0",
      "resolved": "git+ssh://git@github.com/e53e04ac/base.git#a9f6e8f8390c6a699f19c41b4716904ae45e4333",
      "license": "MIT",
      "dependencies": {
        "hold": "github:e53e04ac/hold"
      }
    },
    "node_modules/date-time": {
      "version": "0.0.0",
      "resolved": "git+ssh://git@github.com/e53e04ac/date-time.git#3ccdf6a18ee7e086a374dd9824fe7e4d6e6c6896",
      "license": "MIT",
      "dependencies": {
        "base": "github:e53e04ac/base",
        "hold": "github:e53e04ac/hold"
      }
    },
    "node_modules/event-emitter": {
      "version": "0.0.0",
      "resolved": "git+ssh://git@github.com/e53e04ac/event-emitter.git#1e81dc891a95eea0355db214c3fcf5da52b9489e",
      "license": "MIT",
      "dependencies": {
        "base": "github:e53e04ac/base",
        "hold": "github:e53e04ac/hold"
      }
    },
    "node_modules/file-entry": {
      "version": "0.0.0",
      "resolved": "git+ssh://git@github.com/e53e04ac/file-entry.git#02c9e28a26ceeef9181a300946b8980a04f8a890",
      "license": "MIT",
      "dependencies": {
        "base": "github:e53e04ac/base",
        "hold": "github:e53e04ac/hold"
      }
    },
    "node_modules/hold": {
      "version": "0.0.0",
      "resolved": "git+ssh://git@github.com/e53e04ac/hold.git#2c12b73beb85916b45463979e3e65a7ade680713",
      "license": "MIT"
    },
    "node_modules/ipp5-types": {
      "version": "0.0.0",
      "resolved": "git+ssh://git@github.com/e53e04ac/ipp5-types.git#e70d14fbe3a99e94e155ff5b4daf8e74beaf35c7",
      "license": "MIT"
    }
  }
}
