{
  "name": "ipp5-bookshelf-reader",
  "version": "0.0.0",
  "lockfileVersion": 3,
  "requires": true,
  "packages": {
    "": {
      "name": "ipp5-bookshelf-reader",
      "version": "0.0.0",
      "license": "MIT",
      "dependencies": {
        "date-time": "github:e53e04ac/date-time",
        "event-emitter": "github:e53e04ac/event-emitter",
        "file-entry": "github:e53e04ac/file-entry",
        "hold": "github:e53e04ac/hold",
        "ipp5-types": "github:e53e04ac/ipp5-types"
      },
      "devDependencies": {
        "@types/node": "^18.11.18"
      }
    },
    "node_modules/@types/node": {
      "version": "18.11.18",
      "resolved": "https://registry.npmjs.org/@types/node/-/node-18.11.18.tgz",
      "integrity": "sha512-DHQpWGjyQKSHj3ebjFI/wRKcqQcdR+MoFBygntYOZytCqNfkd2ZC4ARDJ2DQqhjH5p85Nnd3jhUJIXrszFX/JA==",
      "dev": true
    },
    "node_modules/base": {
      "version": "0.0.0",
      "resolved": "git+ssh://git@github.com/e53e04ac/base.git#a9f6e8f8390c6a699f19c41b4716904ae45e4333",
      "license": "MIT",
      "dependencies": {
        "hold": "github:e53e04ac/hold"
      }
    },
    "node_modules/date-time": {
      "version": "0.0.0",
      "resolved": "git+ssh://git@github.com/e53e04ac/date-time.git#1d4a5c10bee7cf6526708e6f443529556de873e6",
      "license": "MIT",
      "dependencies": {
        "base": "github:e53e04ac/base",
        "hold": "github:e53e04ac/hold"
      }
    },
    "node_modules/event-emitter": {
      "version": "0.0.0",
      "resolved": "git+ssh://git@github.com/e53e04ac/event-emitter.git#82ebc326dc5507d2c31b661b6655f3248e6f4709",
      "license": "MIT",
      "dependencies": {
        "base": "github:e53e04ac/base",
        "hold": "github:e53e04ac/hold"
      }
    },
    "node_modules/file-entry": {
      "version": "0.0.0",
      "resolved": "git+ssh://git@github.com/e53e04ac/file-entry.git#20396ba03a5b99f7f70095fef09a8da5bf6358bf",
      "license": "MIT",
      "dependencies": {
        "base": "github:e53e04ac/base",
        "hold": "github:e53e04ac/hold"
      }
    },
    "node_modules/hold": {
      "version": "0.0.0",
      "resolved": "git+ssh://git@github.com/e53e04ac/hold.git#142200ba44274839e5da9cd1d944dde0164a6e28",
      "license": "MIT"
    },
    "node_modules/ipp5-types": {
      "version": "0.0.0",
      "resolved": "git+ssh://git@github.com/e53e04ac/ipp5-types.git#9f26d3c1f6bc8bae7945d64d5b1b113f3a3465e6",
      "license": "MIT"
    }
  }
}
