{
  "name": "ipp5-bookshelf-reader",
  "version": "0.0.0",
  "lockfileVersion": 3,
  "requires": true,
  "packages": {
    "": {
      "name": "ipp5-bookshelf-reader",
      "version": "0.0.0",
      "license": "MIT",
      "dependencies": {
        "date-time": "github:e53e04ac/date-time",
        "event-emitter": "github:e53e04ac/event-emitter",
        "file-entry": "github:e53e04ac/file-entry",
        "hold": "github:e53e04ac/hold"
      },
      "devDependencies": {
        "@types/node": "^18.11.19",
        "ipp5-types": "github:e53e04ac/ipp5-types"
      },
      "engines": {
        "node": ">=18"
      }
    },
    "node_modules/@types/node": {
      "version": "18.13.0",
      "resolved": "https://registry.npmjs.org/@types/node/-/node-18.13.0.tgz",
      "integrity": "sha512-gC3TazRzGoOnoKAhUx+Q0t8S9Tzs74z7m0ipwGpSqQrleP14hKxP4/JUeEQcD3W1/aIpnWl8pHowI7WokuZpXg==",
      "dev": true
    },
    "node_modules/base": {
      "version": "0.0.0",
      "resolved": "git+ssh://git@github.com/e53e04ac/base.git#a0c4175d0b5699b1db1863dd46b001b0b9b2cf8d",
      "license": "MIT",
      "dependencies": {
        "hold": "github:e53e04ac/hold"
      },
      "engines": {
        "node": ">=18"
      }
    },
    "node_modules/date-time": {
      "version": "0.0.0",
      "resolved": "git+ssh://git@github.com/e53e04ac/date-time.git#3f4d07b59f0cfbdf7de6be53c41380eef55c67b1",
      "license": "MIT",
      "dependencies": {
        "base": "github:e53e04ac/base",
        "hold": "github:e53e04ac/hold"
      },
      "engines": {
        "node": ">=18"
      }
    },
    "node_modules/event-emitter": {
      "version": "0.0.0",
      "resolved": "git+ssh://git@github.com/e53e04ac/event-emitter.git#fbb8d14bad7919bd109eeb1b04f3fa1ba9a8a225",
      "license": "MIT",
      "dependencies": {
        "base": "github:e53e04ac/base",
        "hold": "github:e53e04ac/hold"
      },
      "engines": {
        "node": ">=18"
      }
    },
    "node_modules/file-entry": {
      "version": "0.0.0",
      "resolved": "git+ssh://git@github.com/e53e04ac/file-entry.git#5994090eb1f7f031b836149e549e2706a91c05f2",
      "license": "MIT",
      "dependencies": {
        "base": "github:e53e04ac/base",
        "hold": "github:e53e04ac/hold"
      },
      "engines": {
        "node": ">=18"
      }
    },
    "node_modules/hold": {
      "version": "0.0.0",
      "resolved": "git+ssh://git@github.com/e53e04ac/hold.git#2143f5f52192ae4156ea0af80d41c87c55355e9c",
      "license": "MIT",
      "engines": {
        "node": ">=18"
      }
    },
    "node_modules/ipp5-types": {
      "version": "0.0.0",
      "resolved": "git+ssh://git@github.com/e53e04ac/ipp5-types.git#f66ddbd49c9601df9aea4cefdbb3e5c3e65427f5",
      "dev": true,
      "license": "MIT",
      "engines": {
        "node": ">=18"
      }
    }
  }
}
